
Microsoft Visual Studio Solution File, Format Version 12.00
# Visual Studio Version 16
VisualStudioVersion = 16.0.808.9
MinimumVisualStudioVersion = 10.0.40219.1
Project("{9A19103F-16F7-4668-BE54-9A1E7A4F7556}") = "ProjectManagement", "ProjectManagement.csproj", "{E9A6C4B6-A05D-4259-B133-A47D8139CE0C}"
EndProject
Global
	GlobalSection(SolutionConfigurationPlatforms) = preSolution
		Debug|Any CPU = Debug|Any CPU
		Release|Any CPU = Release|Any CPU
	EndGlobalSection
	GlobalSection(ProjectConfigurationPlatforms) = postSolution
		{E9A6C4B6-A05D-4259-B133-A47D8139CE0C}.Debug|Any CPU.ActiveCfg = Debug|Any CPU
		{E9A6C4B6-A05D-4259-B133-A47D8139CE0C}.Debug|Any CPU.Build.0 = Debug|Any CPU
		{E9A6C4B6-A05D-4259-B133-A47D8139CE0C}.Release|Any CPU.ActiveCfg = Release|Any CPU
		{E9A6C4B6-A05D-4259-B133-A47D8139CE0C}.Release|Any CPU.Build.0 = Release|Any CPU
	EndGlobalSection
	GlobalSection(SolutionProperties) = preSolution
		HideSolutionNode = FALSE
	EndGlobalSection
	GlobalSection(ExtensibilityGlobals) = postSolution
		SolutionGuid = {31554460-01E7-4B43-9F17-788EC6E49A90}
	EndGlobalSection
EndGlobal
